// !$*UTF8*$!
{
	archiveVersion = 1;
	classes = {
	};
	objectVersion = 50;
	objects = {

/* Begin PBXBuildFile section */
		B305C2E9222A99A000EFF2B1 /* ZubereitungViewController.swift in Sources */ = {isa = PBXBuildFile; fileRef = B305C2E8222A99A000EFF2B1 /* ZubereitungViewController.swift */; };
		B305C2EB222A9D4600EFF2B1 /* ZubereitungTableViewCell.swift in Sources */ = {isa = PBXBuildFile; fileRef = B305C2EA222A9D4600EFF2B1 /* ZubereitungTableViewCell.swift */; };
		B33067432264E53900B23FD4 /* Staatliches-Regular.ttf in Resources */ = {isa = PBXBuildFile; fileRef = B393CAF9222AD1B6004B028E /* Staatliches-Regular.ttf */; };
		B33259172225803900BCF32F /* AppDelegate.swift in Sources */ = {isa = PBXBuildFile; fileRef = B33259162225803900BCF32F /* AppDelegate.swift */; };
		B33259192225803900BCF32F /* ViewController.swift in Sources */ = {isa = PBXBuildFile; fileRef = B33259182225803900BCF32F /* ViewController.swift */; };
		B332591C2225803900BCF32F /* Main.storyboard in Resources */ = {isa = PBXBuildFile; fileRef = B332591A2225803900BCF32F /* Main.storyboard */; };
		B332591E2225803A00BCF32F /* Assets.xcassets in Resources */ = {isa = PBXBuildFile; fileRef = B332591D2225803A00BCF32F /* Assets.xcassets */; };
		B33259212225803A00BCF32F /* LaunchScreen.storyboard in Resources */ = {isa = PBXBuildFile; fileRef = B332591F2225803A00BCF32F /* LaunchScreen.storyboard */; };
		B3325929222580B800BCF32F /* PageViewController.swift in Sources */ = {isa = PBXBuildFile; fileRef = B3325928222580B800BCF32F /* PageViewController.swift */; };
		B355A5D1222EC057009A5BE7 /* DetailTableViewCell.swift in Sources */ = {isa = PBXBuildFile; fileRef = B355A5D0222EC057009A5BE7 /* DetailTableViewCell.swift */; };
		B355A5D3222EC072009A5BE7 /* DetailViewController.swift in Sources */ = {isa = PBXBuildFile; fileRef = B355A5D2222EC072009A5BE7 /* DetailViewController.swift */; };
		B37F2F78223E5F810015BC15 /* KnowledgeViewController.swift in Sources */ = {isa = PBXBuildFile; fileRef = B37F2F77223E5F810015BC15 /* KnowledgeViewController.swift */; };
		B37F2F7A223E600A0015BC15 /* KnowledgeTableViewCell.swift in Sources */ = {isa = PBXBuildFile; fileRef = B37F2F79223E600A0015BC15 /* KnowledgeTableViewCell.swift */; };
		B3872368226A217000ED97DF /* BrewingModel.swift in Sources */ = {isa = PBXBuildFile; fileRef = B3872367226A217000ED97DF /* BrewingModel.swift */; };
		B387236A226A21AF00ED97DF /* KnowledgeModel.swift in Sources */ = {isa = PBXBuildFile; fileRef = B3872369226A21AF00ED97DF /* KnowledgeModel.swift */; };
		B387236C226A221800ED97DF /* Complain.swift in Sources */ = {isa = PBXBuildFile; fileRef = B387236B226A221800ED97DF /* Complain.swift */; };
		B38912172269D8EB001A92A9 /* Quicksand-Medium.ttf in Resources */ = {isa = PBXBuildFile; fileRef = B38912162269D8EB001A92A9 /* Quicksand-Medium.ttf */; };
		B38912192269D933001A92A9 /* OtherDetailTableViewCell.swift in Sources */ = {isa = PBXBuildFile; fileRef = B38912182269D933001A92A9 /* OtherDetailTableViewCell.swift */; };
		B393CAF7222AA47B004B028E /* Utility.swift in Sources */ = {isa = PBXBuildFile; fileRef = B393CAF6222AA47B004B028E /* Utility.swift */; };
		B3B868292265F1F9004D2365 /* OtherDetailViewController.swift in Sources */ = {isa = PBXBuildFile; fileRef = B3B868282265F1F9004D2365 /* OtherDetailViewController.swift */; };
		B3C57277223A9D86003DA27D /* ComplainViewController.swift in Sources */ = {isa = PBXBuildFile; fileRef = B3C57276223A9D86003DA27D /* ComplainViewController.swift */; };
		B3C57279223A9FFA003DA27D /* ComplainTableViewCell.swift in Sources */ = {isa = PBXBuildFile; fileRef = B3C57278223A9FFA003DA27D /* ComplainTableViewCell.swift */; };
		B3FBE7F92285BDD700900812 /* Quicksand-Bold.ttf in Resources */ = {isa = PBXBuildFile; fileRef = B3FBE7F82285BDD700900812 /* Quicksand-Bold.ttf */; };
/* End PBXBuildFile section */

/* Begin PBXFileReference section */
		B305C2E8222A99A000EFF2B1 /* ZubereitungViewController.swift */ = {isa = PBXFileReference; lastKnownFileType = sourcecode.swift; path = ZubereitungViewController.swift; sourceTree = "<group>"; };
		B305C2EA222A9D4600EFF2B1 /* ZubereitungTableViewCell.swift */ = {isa = PBXFileReference; lastKnownFileType = sourcecode.swift; path = ZubereitungTableViewCell.swift; sourceTree = "<group>"; };
		B33259132225803900BCF32F /* a_simple_coffee_guide_endversion.app */ = {isa = PBXFileReference; explicitFileType = wrapper.application; includeInIndex = 0; path = a_simple_coffee_guide_endversion.app; sourceTree = BUILT_PRODUCTS_DIR; };
		B33259162225803900BCF32F /* AppDelegate.swift */ = {isa = PBXFileReference; lastKnownFileType = sourcecode.swift; path = AppDelegate.swift; sourceTree = "<group>"; };
		B33259182225803900BCF32F /* ViewController.swift */ = {isa = PBXFileReference; lastKnownFileType = sourcecode.swift; path = ViewController.swift; sourceTree = "<group>"; };
		B332591B2225803900BCF32F /* Base */ = {isa = PBXFileReference; lastKnownFileType = file.storyboard; name = Base; path = Base.lproj/Main.storyboard; sourceTree = "<group>"; };
		B332591D2225803A00BCF32F /* Assets.xcassets */ = {isa = PBXFileReference; lastKnownFileType = folder.assetcatalog; path = Assets.xcassets; sourceTree = "<group>"; };
		B33259202225803A00BCF32F /* Base */ = {isa = PBXFileReference; lastKnownFileType = file.storyboard; name = Base; path = Base.lproj/LaunchScreen.storyboard; sourceTree = "<group>"; };
		B33259222225803B00BCF32F /* Info.plist */ = {isa = PBXFileReference; lastKnownFileType = text.plist.xml; path = Info.plist; sourceTree = "<group>"; };
		B3325928222580B800BCF32F /* PageViewController.swift */ = {isa = PBXFileReference; lastKnownFileType = sourcecode.swift; path = PageViewController.swift; sourceTree = "<group>"; };
		B355A5D0222EC057009A5BE7 /* DetailTableViewCell.swift */ = {isa = PBXFileReference; lastKnownFileType = sourcecode.swift; path = DetailTableViewCell.swift; sourceTree = "<group>"; };
		B355A5D2222EC072009A5BE7 /* DetailViewController.swift */ = {isa = PBXFileReference; lastKnownFileType = sourcecode.swift; path = DetailViewController.swift; sourceTree = "<group>"; };
		B37F2F77223E5F810015BC15 /* KnowledgeViewController.swift */ = {isa = PBXFileReference; lastKnownFileType = sourcecode.swift; path = KnowledgeViewController.swift; sourceTree = "<group>"; };
		B37F2F79223E600A0015BC15 /* KnowledgeTableViewCell.swift */ = {isa = PBXFileReference; lastKnownFileType = sourcecode.swift; path = KnowledgeTableViewCell.swift; sourceTree = "<group>"; };
		B3872367226A217000ED97DF /* BrewingModel.swift */ = {isa = PBXFileReference; lastKnownFileType = sourcecode.swift; path = BrewingModel.swift; sourceTree = "<group>"; };
		B3872369226A21AF00ED97DF /* KnowledgeModel.swift */ = {isa = PBXFileReference; lastKnownFileType = sourcecode.swift; path = KnowledgeModel.swift; sourceTree = "<group>"; };
		B387236B226A221800ED97DF /* Complain.swift */ = {isa = PBXFileReference; lastKnownFileType = sourcecode.swift; path = Complain.swift; sourceTree = "<group>"; };
		B38912162269D8EB001A92A9 /* Quicksand-Medium.ttf */ = {isa = PBXFileReference; lastKnownFileType = file; name = "Quicksand-Medium.ttf"; path = "../../../../Library/Fonts/Quicksand-Medium.ttf"; sourceTree = "<group>"; };
		B38912182269D933001A92A9 /* OtherDetailTableViewCell.swift */ = {isa = PBXFileReference; lastKnownFileType = sourcecode.swift; path = OtherDetailTableViewCell.swift; sourceTree = "<group>"; };
		B393CAF6222AA47B004B028E /* Utility.swift */ = {isa = PBXFileReference; lastKnownFileType = sourcecode.swift; path = Utility.swift; sourceTree = "<group>"; };
		B393CAF9222AD1B6004B028E /* Staatliches-Regular.ttf */ = {isa = PBXFileReference; lastKnownFileType = file; path = "Staatliches-Regular.ttf"; sourceTree = "<group>"; };
		B3B868282265F1F9004D2365 /* OtherDetailViewController.swift */ = {isa = PBXFileReference; lastKnownFileType = sourcecode.swift; path = OtherDetailViewController.swift; sourceTree = "<group>"; };
		B3C57276223A9D86003DA27D /* ComplainViewController.swift */ = {isa = PBXFileReference; lastKnownFileType = sourcecode.swift; path = ComplainViewController.swift; sourceTree = "<group>"; };
		B3C57278223A9FFA003DA27D /* ComplainTableViewCell.swift */ = {isa = PBXFileReference; lastKnownFileType = sourcecode.swift; path = ComplainTableViewCell.swift; sourceTree = "<group>"; };
		B3FBE7F82285BDD700900812 /* Quicksand-Bold.ttf */ = {isa = PBXFileReference; lastKnownFileType = file; name = "Quicksand-Bold.ttf"; path = "../../../../Library/Fonts/Quicksand-Bold.ttf"; sourceTree = "<group>"; };
/* End PBXFileReference section */

/* Begin PBXFrameworksBuildPhase section */
		B33259102225803900BCF32F /* Frameworks */ = {
			isa = PBXFrameworksBuildPhase;
			buildActionMask = 2147483647;
			files = (
			);
			runOnlyForDeploymentPostprocessing = 0;
		};
/* End PBXFrameworksBuildPhase section */

/* Begin PBXGroup section */
		B332590A2225803900BCF32F = {
			isa = PBXGroup;
			children = (
				B33259152225803900BCF32F /* a_simple_coffee_guide_endversion */,
				B33259142225803900BCF32F /* Products */,
			);
			sourceTree = "<group>";
		};
		B33259142225803900BCF32F /* Products */ = {
			isa = PBXGroup;
			children = (
				B33259132225803900BCF32F /* a_simple_coffee_guide_endversion.app */,
			);
			name = Products;
			sourceTree = "<group>";
		};
		B33259152225803900BCF32F /* a_simple_coffee_guide_endversion */ = {
			isa = PBXGroup;
			children = (
				B3872366226A215E00ED97DF /* Model */,
				B393CAF8222AD1AF004B028E /* Font */,
				B33259162225803900BCF32F /* AppDelegate.swift */,
				B33259182225803900BCF32F /* ViewController.swift */,
				B332591A2225803900BCF32F /* Main.storyboard */,
				B332591D2225803A00BCF32F /* Assets.xcassets */,
				B332591F2225803A00BCF32F /* LaunchScreen.storyboard */,
				B33259222225803B00BCF32F /* Info.plist */,
				B3325928222580B800BCF32F /* PageViewController.swift */,
				B393CAF6222AA47B004B028E /* Utility.swift */,
				B3C5727B223AA54C003DA27D /* Brewing */,
				B355A5D4222EC080009A5BE7 /* Detail */,
				B3C5727A223AA008003DA27D /* Complain */,
				B37F2F7B223E60110015BC15 /* Knowledge */,
				B3B8682C2265F2A0004D2365 /* OtherDetail */,
			);
			path = a_simple_coffee_guide_endversion;
			sourceTree = "<group>";
		};
		B355A5D4222EC080009A5BE7 /* Detail */ = {
			isa = PBXGroup;
			children = (
				B355A5D2222EC072009A5BE7 /* DetailViewController.swift */,
				B355A5D0222EC057009A5BE7 /* DetailTableViewCell.swift */,
			);
			path = Detail;
			sourceTree = "<group>";
		};
		B37F2F7B223E60110015BC15 /* Knowledge */ = {
			isa = PBXGroup;
			children = (
				B37F2F77223E5F810015BC15 /* KnowledgeViewController.swift */,
				B37F2F79223E600A0015BC15 /* KnowledgeTableViewCell.swift */,
			);
			path = Knowledge;
			sourceTree = "<group>";
		};
		B3872366226A215E00ED97DF /* Model */ = {
			isa = PBXGroup;
			children = (
				B3872367226A217000ED97DF /* BrewingModel.swift */,
				B3872369226A21AF00ED97DF /* KnowledgeModel.swift */,
				B387236B226A221800ED97DF /* Complain.swift */,
			);
			path = Model;
			sourceTree = "<group>";
		};
		B393CAF8222AD1AF004B028E /* Font */ = {
			isa = PBXGroup;
			children = (
				B393CAF9222AD1B6004B028E /* Staatliches-Regular.ttf */,
				B38912162269D8EB001A92A9 /* Quicksand-Medium.ttf */,
				B3FBE7F82285BDD700900812 /* Quicksand-Bold.ttf */,
			);
			path = Font;
			sourceTree = "<group>";
		};
		B3B8682C2265F2A0004D2365 /* OtherDetail */ = {
			isa = PBXGroup;
			children = (
				B3B868282265F1F9004D2365 /* OtherDetailViewController.swift */,
				B38912182269D933001A92A9 /* OtherDetailTableViewCell.swift */,
			);
			path = OtherDetail;
			sourceTree = "<group>";
		};
		B3C5727A223AA008003DA27D /* Complain */ = {
			isa = PBXGroup;
			children = (
				B3C57276223A9D86003DA27D /* ComplainViewController.swift */,
				B3C57278223A9FFA003DA27D /* ComplainTableViewCell.swift */,
			);
			path = Complain;
			sourceTree = "<group>";
		};
		B3C5727B223AA54C003DA27D /* Brewing */ = {
			isa = PBXGroup;
			children = (
				B305C2E8222A99A000EFF2B1 /* ZubereitungViewController.swift */,
				B305C2EA222A9D4600EFF2B1 /* ZubereitungTableViewCell.swift */,
			);
			path = Brewing;
			sourceTree = "<group>";
		};
/* End PBXGroup section */

/* Begin PBXNativeTarget section */
		B33259122225803900BCF32F /* a_simple_coffee_guide_endversion */ = {
			isa = PBXNativeTarget;
			buildConfigurationList = B33259252225803B00BCF32F /* Build configuration list for PBXNativeTarget "a_simple_coffee_guide_endversion" */;
			buildPhases = (
				B332590F2225803900BCF32F /* Sources */,
				B33259102225803900BCF32F /* Frameworks */,
				B33259112225803900BCF32F /* Resources */,
			);
			buildRules = (
			);
			dependencies = (
			);
			name = a_simple_coffee_guide_endversion;
			productName = a_simple_coffee_guide_endversion;
			productReference = B33259132225803900BCF32F /* a_simple_coffee_guide_endversion.app */;
			productType = "com.apple.product-type.application";
		};
/* End PBXNativeTarget section */

/* Begin PBXProject section */
		B332590B2225803900BCF32F /* Project object */ = {
			isa = PBXProject;
			attributes = {
				LastSwiftUpdateCheck = 1010;
				LastUpgradeCheck = 1010;
				ORGANIZATIONNAME = "Ümit Gül";
				TargetAttributes = {
					B33259122225803900BCF32F = {
						CreatedOnToolsVersion = 10.1;
						LastSwiftMigration = 1020;
					};
				};
			};
			buildConfigurationList = B332590E2225803900BCF32F /* Build configuration list for PBXProject "a_simple_coffee_guide_endversion" */;
			compatibilityVersion = "Xcode 9.3";
			developmentRegion = en;
			hasScannedForEncodings = 0;
			knownRegions = (
				en,
				Base,
			);
			mainGroup = B332590A2225803900BCF32F;
			productRefGroup = B33259142225803900BCF32F /* Products */;
			projectDirPath = "";
			projectRoot = "";
			targets = (
				B33259122225803900BCF32F /* a_simple_coffee_guide_endversion */,
			);
		};
/* End PBXProject section */

/* Begin PBXResourcesBuildPhase section */
		B33259112225803900BCF32F /* Resources */ = {
			isa = PBXResourcesBuildPhase;
			buildActionMask = 2147483647;
			files = (
				B33259212225803A00BCF32F /* LaunchScreen.storyboard in Resources */,
				B3FBE7F92285BDD700900812 /* Quicksand-Bold.ttf in Resources */,
				B33067432264E53900B23FD4 /* Staatliches-Regular.ttf in Resources */,
				B332591E2225803A00BCF32F /* Assets.xcassets in Resources */,
				B332591C2225803900BCF32F /* Main.storyboard in Resources */,
				B38912172269D8EB001A92A9 /* Quicksand-Medium.ttf in Resources */,
			);
			runOnlyForDeploymentPostprocessing = 0;
		};
/* End PBXResourcesBuildPhase section */

/* Begin PBXSourcesBuildPhase section */
		B332590F2225803900BCF32F /* Sources */ = {
			isa = PBXSourcesBuildPhase;
			buildActionMask = 2147483647;
			files = (
				B3C57279223A9FFA003DA27D /* ComplainTableViewCell.swift in Sources */,
				B305C2EB222A9D4600EFF2B1 /* ZubereitungTableViewCell.swift in Sources */,
				B3325929222580B800BCF32F /* PageViewController.swift in Sources */,
				B387236A226A21AF00ED97DF /* KnowledgeModel.swift in Sources */,
				B37F2F78223E5F810015BC15 /* KnowledgeViewController.swift in Sources */,
				B355A5D1222EC057009A5BE7 /* DetailTableViewCell.swift in Sources */,
				B393CAF7222AA47B004B028E /* Utility.swift in Sources */,
				B37F2F7A223E600A0015BC15 /* KnowledgeTableViewCell.swift in Sources */,
				B305C2E9222A99A000EFF2B1 /* ZubereitungViewController.swift in Sources */,
				B3872368226A217000ED97DF /* BrewingModel.swift in Sources */,
				B387236C226A221800ED97DF /* Complain.swift in Sources */,
				B33259192225803900BCF32F /* ViewController.swift in Sources */,
				B38912192269D933001A92A9 /* OtherDetailTableViewCell.swift in Sources */,
				B33259172225803900BCF32F /* AppDelegate.swift in Sources */,
				B355A5D3222EC072009A5BE7 /* DetailViewController.swift in Sources */,
				B3B868292265F1F9004D2365 /* OtherDetailViewController.swift in Sources */,
				B3C57277223A9D86003DA27D /* ComplainViewController.swift in Sources */,
			);
			runOnlyForDeploymentPostprocessing = 0;
		};
/* End PBXSourcesBuildPhase section */

/* Begin PBXVariantGroup section */
		B332591A2225803900BCF32F /* Main.storyboard */ = {
			isa = PBXVariantGroup;
			children = (
				B332591B2225803900BCF32F /* Base */,
			);
			name = Main.storyboard;
			sourceTree = "<group>";
		};
		B332591F2225803A00BCF32F /* LaunchScreen.storyboard */ = {
			isa = PBXVariantGroup;
			children = (
				B33259202225803A00BCF32F /* Base */,
			);
			name = LaunchScreen.storyboard;
			sourceTree = "<group>";
		};
/* End PBXVariantGroup section */

/* Begin XCBuildConfiguration section */
		B33259232225803B00BCF32F /* Debug */ = {
			isa = XCBuildConfiguration;
			buildSettings = {
				ALWAYS_SEARCH_USER_PATHS = NO;
				CLANG_ANALYZER_NONNULL = YES;
				CLANG_ANALYZER_NUMBER_OBJECT_CONVERSION = YES_AGGRESSIVE;
				CLANG_CXX_LANGUAGE_STANDARD = "gnu++14";
				CLANG_CXX_LIBRARY = "libc++";
				CLANG_ENABLE_MODULES = YES;
				CLANG_ENABLE_OBJC_ARC = YES;
				CLANG_ENABLE_OBJC_WEAK = YES;
				CLANG_WARN_BLOCK_CAPTURE_AUTORELEASING = YES;
				CLANG_WARN_BOOL_CONVERSION = YES;
				CLANG_WARN_COMMA = YES;
				CLANG_WARN_CONSTANT_CONVERSION = YES;
				CLANG_WARN_DEPRECATED_OBJC_IMPLEMENTATIONS = YES;
				CLANG_WARN_DIRECT_OBJC_ISA_USAGE = YES_ERROR;
				CLANG_WARN_DOCUMENTATION_COMMENTS = YES;
				CLANG_WARN_EMPTY_BODY = YES;
				CLANG_WARN_ENUM_CONVERSION = YES;
				CLANG_WARN_INFINITE_RECURSION = YES;
				CLANG_WARN_INT_CONVERSION = YES;
				CLANG_WARN_NON_LITERAL_NULL_CONVERSION = YES;
				CLANG_WARN_OBJC_IMPLICIT_RETAIN_SELF = YES;
				CLANG_WARN_OBJC_LITERAL_CONVERSION = YES;
				CLANG_WARN_OBJC_ROOT_CLASS = YES_ERROR;
				CLANG_WARN_RANGE_LOOP_ANALYSIS = YES;
				CLANG_WARN_STRICT_PROTOTYPES = YES;
				CLANG_WARN_SUSPICIOUS_MOVE = YES;
				CLANG_WARN_UNGUARDED_AVAILABILITY = YES_AGGRESSIVE;
				CLANG_WARN_UNREACHABLE_CODE = YES;
				CLANG_WARN__DUPLICATE_METHOD_MATCH = YES;
				CODE_SIGN_IDENTITY = "iPhone Developer";
				COPY_PHASE_STRIP = NO;
				DEBUG_INFORMATION_FORMAT = dwarf;
				ENABLE_STRICT_OBJC_MSGSEND = YES;
				ENABLE_TESTABILITY = YES;
				GCC_C_LANGUAGE_STANDARD = gnu11;
				GCC_DYNAMIC_NO_PIC = NO;
				GCC_NO_COMMON_BLOCKS = YES;
				GCC_OPTIMIZATION_LEVEL = 0;
				GCC_PREPROCESSOR_DEFINITIONS = (
					"DEBUG=1",
					"$(inherited)",
				);
				GCC_WARN_64_TO_32_BIT_CONVERSION = YES;
				GCC_WARN_ABOUT_RETURN_TYPE = YES_ERROR;
				GCC_WARN_UNDECLARED_SELECTOR = YES;
				GCC_WARN_UNINITIALIZED_AUTOS = YES_AGGRESSIVE;
				GCC_WARN_UNUSED_FUNCTION = YES;
				GCC_WARN_UNUSED_VARIABLE = YES;
				IPHONEOS_DEPLOYMENT_TARGET = 12.1;
				MTL_ENABLE_DEBUG_INFO = INCLUDE_SOURCE;
				MTL_FAST_MATH = YES;
				ONLY_ACTIVE_ARCH = YES;
				SDKROOT = iphoneos;
				SWIFT_ACTIVE_COMPILATION_CONDITIONS = DEBUG;
				SWIFT_OPTIMIZATION_LEVEL = "-Onone";
			};
			name = Debug;
		};
		B33259242225803B00BCF32F /* Release */ = {
			isa = XCBuildConfiguration;
			buildSettings = {
				ALWAYS_SEARCH_USER_PATHS = NO;
				CLANG_ANALYZER_NONNULL = YES;
				CLANG_ANALYZER_NUMBER_OBJECT_CONVERSION = YES_AGGRESSIVE;
				CLANG_CXX_LANGUAGE_STANDARD = "gnu++14";
				CLANG_CXX_LIBRARY = "libc++";
				CLANG_ENABLE_MODULES = YES;
				CLANG_ENABLE_OBJC_ARC = YES;
				CLANG_ENABLE_OBJC_WEAK = YES;
				CLANG_WARN_BLOCK_CAPTURE_AUTORELEASING = YES;
				CLANG_WARN_BOOL_CONVERSION = YES;
				CLANG_WARN_COMMA = YES;
				CLANG_WARN_CONSTANT_CONVERSION = YES;
				CLANG_WARN_DEPRECATED_OBJC_IMPLEMENTATIONS = YES;
				CLANG_WARN_DIRECT_OBJC_ISA_USAGE = YES_ERROR;
				CLANG_WARN_DOCUMENTATION_COMMENTS = YES;
				CLANG_WARN_EMPTY_BODY = YES;
				CLANG_WARN_ENUM_CONVERSION = YES;
				CLANG_WARN_INFINITE_RECURSION = YES;
				CLANG_WARN_INT_CONVERSION = YES;
				CLANG_WARN_NON_LITERAL_NULL_CONVERSION = YES;
				CLANG_WARN_OBJC_IMPLICIT_RETAIN_SELF = YES;
				CLANG_WARN_OBJC_LITERAL_CONVERSION = YES;
				CLANG_WARN_OBJC_ROOT_CLASS = YES_ERROR;
				CLANG_WARN_RANGE_LOOP_ANALYSIS = YES;
				CLANG_WARN_STRICT_PROTOTYPES = YES;
				CLANG_WARN_SUSPICIOUS_MOVE = YES;
				CLANG_WARN_UNGUARDED_AVAILABILITY = YES_AGGRESSIVE;
				CLANG_WARN_UNREACHABLE_CODE = YES;
				CLANG_WARN__DUPLICATE_METHOD_MATCH = YES;
				CODE_SIGN_IDENTITY = "iPhone Developer";
				COPY_PHASE_STRIP = NO;
				DEBUG_INFORMATION_FORMAT = "dwarf-with-dsym";
				ENABLE_NS_ASSERTIONS = NO;
				ENABLE_STRICT_OBJC_MSGSEND = YES;
				GCC_C_LANGUAGE_STANDARD = gnu11;
				GCC_NO_COMMON_BLOCKS = YES;
				GCC_WARN_64_TO_32_BIT_CONVERSION = YES;
				GCC_WARN_ABOUT_RETURN_TYPE = YES_ERROR;
				GCC_WARN_UNDECLARED_SELECTOR = YES;
				GCC_WARN_UNINITIALIZED_AUTOS = YES_AGGRESSIVE;
				GCC_WARN_UNUSED_FUNCTION = YES;
				GCC_WARN_UNUSED_VARIABLE = YES;
				IPHONEOS_DEPLOYMENT_TARGET = 12.1;
				MTL_ENABLE_DEBUG_INFO = NO;
				MTL_FAST_MATH = YES;
				SDKROOT = iphoneos;
				SWIFT_COMPILATION_MODE = wholemodule;
				SWIFT_OPTIMIZATION_LEVEL = "-O";
				VALIDATE_PRODUCT = YES;
			};
			name = Release;
		};
		B33259262225803B00BCF32F /* Debug */ = {
			isa = XCBuildConfiguration;
			buildSettings = {
				ASSETCATALOG_COMPILER_APPICON_NAME = AppIcon;
				CODE_SIGN_STYLE = Automatic;
				DEVELOPMENT_TEAM = YLGTKU7SLK;
				INFOPLIST_FILE = a_simple_coffee_guide_endversion/Info.plist;
				LD_RUNPATH_SEARCH_PATHS = (
					"$(inherited)",
					"@executable_path/Frameworks",
				);
				PRODUCT_BUNDLE_IDENTIFIER = "com.sketchup.PU-.a-simple-coffee-guide-endversion";
				PRODUCT_NAME = "$(TARGET_NAME)";
				SWIFT_VERSION = 5.0;
				TARGETED_DEVICE_FAMILY = "1,2";
			};
			name = Debug;
		};
		B33259272225803B00BCF32F /* Release */ = {
			isa = XCBuildConfiguration;
			buildSettings = {
				ASSETCATALOG_COMPILER_APPICON_NAME = AppIcon;
				CODE_SIGN_STYLE = Automatic;
				DEVELOPMENT_TEAM = YLGTKU7SLK;
				INFOPLIST_FILE = a_simple_coffee_guide_endversion/Info.plist;
				LD_RUNPATH_SEARCH_PATHS = (
					"$(inherited)",
					"@executable_path/Frameworks",
				);
				PRODUCT_BUNDLE_IDENTIFIER = "com.sketchup.PU-.a-simple-coffee-guide-endversion";
				PRODUCT_NAME = "$(TARGET_NAME)";
				SWIFT_VERSION = 5.0;
				TARGETED_DEVICE_FAMILY = "1,2";
			};
			name = Release;
		};
/* End XCBuildConfiguration section */

/* Begin XCConfigurationList section */
		B332590E2225803900BCF32F /* Build configuration list for PBXProject "a_simple_coffee_guide_endversion" */ = {
			isa = XCConfigurationList;
			buildConfigurations = (
				B33259232225803B00BCF32F /* Debug */,
				B33259242225803B00BCF32F /* Release */,
			);
			defaultConfigurationIsVisible = 0;
			defaultConfigurationName = Release;
		};
		B33259252225803B00BCF32F /* Build configuration list for PBXNativeTarget "a_simple_coffee_guide_endversion" */ = {
			isa = XCConfigurationList;
			buildConfigurations = (
				B33259262225803B00BCF32F /* Debug */,
				B33259272225803B00BCF32F /* Release */,
			);
			defaultConfigurationIsVisible = 0;
			defaultConfigurationName = Release;
		};
/* End XCConfigurationList section */
	};
	rootObject = B332590B2225803900BCF32F /* Project object */;
}
